
Microsoft Visual Studio Solution File, Format Version 12.00
# Visual Studio Version 17
Project("{2150E333-8FDC-42A3-9474-1A3956D46DE8}") = "CMakePredefinedTargets", "CMakePredefinedTargets", "{5A4A0830-03D0-3F5B-9776-A77937F061B5}"
EndProject
Project("{8BC9CEB8-8B4A-11D0-8D11-00A0C91BC942}") = "ALL_BUILD", "ALL_BUILD.vcxproj", "{0D1B4963-0704-3078-B70F-A461554E694A}"
	ProjectSection(ProjectDependencies) = postProject
		{ECF76DD9-0F83-37FA-8048-C065253E7AE1} = {ECF76DD9-0F83-37FA-8048-C065253E7AE1}
		{5969F395-1192-3912-9F24-DC5D5C2586CD} = {5969F395-1192-3912-9F24-DC5D5C2586CD}
		{17198CD7-F7D2-3C81-AFAE-8591B390EE89} = {17198CD7-F7D2-3C81-AFAE-8591B390EE89}
	EndProjectSection
EndProject
Project("{8BC9CEB8-8B4A-11D0-8D11-00A0C91BC942}") = "INSTALL", "INSTALL.vcxproj", "{F4256959-8897-37F9-8BE8-84C5F6271CF9}"
	ProjectSection(ProjectDependencies) = postProject
		{0D1B4963-0704-3078-B70F-A461554E694A} = {0D1B4963-0704-3078-B70F-A461554E694A}
		{ECF76DD9-0F83-37FA-8048-C065253E7AE1} = {ECF76DD9-0F83-37FA-8048-C065253E7AE1}
	EndProjectSection
EndProject
Project("{8BC9CEB8-8B4A-11D0-8D11-00A0C91BC942}") = "ZERO_CHECK", "ZERO_CHECK.vcxproj", "{ECF76DD9-0F83-37FA-8048-C065253E7AE1}"
	ProjectSection(ProjectDependencies) = postProject
	EndProjectSection
EndProject
Project("{8BC9CEB8-8B4A-11D0-8D11-00A0C91BC942}") = "juce_lv2_helper", "juce_lv2_helper.vcxproj", "{5969F395-1192-3912-9F24-DC5D5C2586CD}"
	ProjectSection(ProjectDependencies) = postProject
		{ECF76DD9-0F83-37FA-8048-C065253E7AE1} = {ECF76DD9-0F83-37FA-8048-C065253E7AE1}
	EndProjectSection
EndProject
Project("{8BC9CEB8-8B4A-11D0-8D11-00A0C91BC942}") = "juce_vst3_helper", "juce_vst3_helper.vcxproj", "{17198CD7-F7D2-3C81-AFAE-8591B390EE89}"
	ProjectSection(ProjectDependencies) = postProject
		{ECF76DD9-0F83-37FA-8048-C065253E7AE1} = {ECF76DD9-0F83-37FA-8048-C065253E7AE1}
	EndProjectSection
EndProject
Global
	GlobalSection(SolutionConfigurationPlatforms) = preSolution
		Debug|x64 = Debug|x64
		Release|x64 = Release|x64
		MinSizeRel|x64 = MinSizeRel|x64
		RelWithDebInfo|x64 = RelWithDebInfo|x64
	EndGlobalSection
	GlobalSection(ProjectConfigurationPlatforms) = postSolution
		{0D1B4963-0704-3078-B70F-A461554E694A}.Debug|x64.ActiveCfg = Debug|x64
		{0D1B4963-0704-3078-B70F-A461554E694A}.Debug|x64.Build.0 = Debug|x64
		{0D1B4963-0704-3078-B70F-A461554E694A}.Release|x64.ActiveCfg = Release|x64
		{0D1B4963-0704-3078-B70F-A461554E694A}.Release|x64.Build.0 = Release|x64
		{0D1B4963-0704-3078-B70F-A461554E694A}.MinSizeRel|x64.ActiveCfg = MinSizeRel|x64
		{0D1B4963-0704-3078-B70F-A461554E694A}.MinSizeRel|x64.Build.0 = MinSizeRel|x64
		{0D1B4963-0704-3078-B70F-A461554E694A}.RelWithDebInfo|x64.ActiveCfg = RelWithDebInfo|x64
		{0D1B4963-0704-3078-B70F-A461554E694A}.RelWithDebInfo|x64.Build.0 = RelWithDebInfo|x64
		{F4256959-8897-37F9-8BE8-84C5F6271CF9}.Debug|x64.ActiveCfg = Debug|x64
		{F4256959-8897-37F9-8BE8-84C5F6271CF9}.Release|x64.ActiveCfg = Release|x64
		{F4256959-8897-37F9-8BE8-84C5F6271CF9}.MinSizeRel|x64.ActiveCfg = MinSizeRel|x64
		{F4256959-8897-37F9-8BE8-84C5F6271CF9}.RelWithDebInfo|x64.ActiveCfg = RelWithDebInfo|x64
		{ECF76DD9-0F83-37FA-8048-C065253E7AE1}.Debug|x64.ActiveCfg = Debug|x64
		{ECF76DD9-0F83-37FA-8048-C065253E7AE1}.Debug|x64.Build.0 = Debug|x64
		{ECF76DD9-0F83-37FA-8048-C065253E7AE1}.Release|x64.ActiveCfg = Release|x64
		{ECF76DD9-0F83-37FA-8048-C065253E7AE1}.Release|x64.Build.0 = Release|x64
		{ECF76DD9-0F83-37FA-8048-C065253E7AE1}.MinSizeRel|x64.ActiveCfg = MinSizeRel|x64
		{ECF76DD9-0F83-37FA-8048-C065253E7AE1}.MinSizeRel|x64.Build.0 = MinSizeRel|x64
		{ECF76DD9-0F83-37FA-8048-C065253E7AE1}.RelWithDebInfo|x64.ActiveCfg = RelWithDebInfo|x64
		{ECF76DD9-0F83-37FA-8048-C065253E7AE1}.RelWithDebInfo|x64.Build.0 = RelWithDebInfo|x64
		{5969F395-1192-3912-9F24-DC5D5C2586CD}.Debug|x64.ActiveCfg = Debug|x64
		{5969F395-1192-3912-9F24-DC5D5C2586CD}.Debug|x64.Build.0 = Debug|x64
		{5969F395-1192-3912-9F24-DC5D5C2586CD}.Release|x64.ActiveCfg = Release|x64
		{5969F395-1192-3912-9F24-DC5D5C2586CD}.Release|x64.Build.0 = Release|x64
		{5969F395-1192-3912-9F24-DC5D5C2586CD}.MinSizeRel|x64.ActiveCfg = MinSizeRel|x64
		{5969F395-1192-3912-9F24-DC5D5C2586CD}.MinSizeRel|x64.Build.0 = MinSizeRel|x64
		{5969F395-1192-3912-9F24-DC5D5C2586CD}.RelWithDebInfo|x64.ActiveCfg = RelWithDebInfo|x64
		{5969F395-1192-3912-9F24-DC5D5C2586CD}.RelWithDebInfo|x64.Build.0 = RelWithDebInfo|x64
		{17198CD7-F7D2-3C81-AFAE-8591B390EE89}.Debug|x64.ActiveCfg = Debug|x64
		{17198CD7-F7D2-3C81-AFAE-8591B390EE89}.Debug|x64.Build.0 = Debug|x64
		{17198CD7-F7D2-3C81-AFAE-8591B390EE89}.Release|x64.ActiveCfg = Release|x64
		{17198CD7-F7D2-3C81-AFAE-8591B390EE89}.Release|x64.Build.0 = Release|x64
		{17198CD7-F7D2-3C81-AFAE-8591B390EE89}.MinSizeRel|x64.ActiveCfg = MinSizeRel|x64
		{17198CD7-F7D2-3C81-AFAE-8591B390EE89}.MinSizeRel|x64.Build.0 = MinSizeRel|x64
		{17198CD7-F7D2-3C81-AFAE-8591B390EE89}.RelWithDebInfo|x64.ActiveCfg = RelWithDebInfo|x64
		{17198CD7-F7D2-3C81-AFAE-8591B390EE89}.RelWithDebInfo|x64.Build.0 = RelWithDebInfo|x64
	EndGlobalSection
	GlobalSection(NestedProjects) = preSolution
		{0D1B4963-0704-3078-B70F-A461554E694A} = {5A4A0830-03D0-3F5B-9776-A77937F061B5}
		{F4256959-8897-37F9-8BE8-84C5F6271CF9} = {5A4A0830-03D0-3F5B-9776-A77937F061B5}
		{ECF76DD9-0F83-37FA-8048-C065253E7AE1} = {5A4A0830-03D0-3F5B-9776-A77937F061B5}
	EndGlobalSection
	GlobalSection(ExtensibilityGlobals) = postSolution
		SolutionGuid = {FD419FFD-5452-3591-959D-D7DB5AFD4541}
	EndGlobalSection
	GlobalSection(ExtensibilityAddIns) = postSolution
	EndGlobalSection
EndGlobal
